// !$*UTF8*$!
{
	archiveVersion = 1;
	classes = {
	};
	objectVersion = 56;
	objects = {

/* Begin PBXBuildFile section */
		C716DED42BF26BC200C60427 /* AppDelegate.swift in Sources */ = {isa = PBXBuildFile; fileRef = C716DED32BF26BC200C60427 /* AppDelegate.swift */; };
		C750A6482BF108BE0068E124 /* MQTTClientApp.swift in Sources */ = {isa = PBXBuildFile; fileRef = C750A6472BF108BE0068E124 /* MQTTClientApp.swift */; };
		C750A64A2BF108BE0068E124 /* ContentView.swift in Sources */ = {isa = PBXBuildFile; fileRef = C750A6492BF108BE0068E124 /* ContentView.swift */; };
		C750A64C2BF108BF0068E124 /* Assets.xcassets in Resources */ = {isa = PBXBuildFile; fileRef = C750A64B2BF108BF0068E124 /* Assets.xcassets */; };
		C750A64F2BF108BF0068E124 /* Preview Assets.xcassets in Resources */ = {isa = PBXBuildFile; fileRef = C750A64E2BF108BF0068E124 /* Preview Assets.xcassets */; };
		C750A65A2BF108BF0068E124 /* MQTTClientTests.swift in Sources */ = {isa = PBXBuildFile; fileRef = C750A6592BF108BF0068E124 /* MQTTClientTests.swift */; };
		C750A6642BF108BF0068E124 /* MQTTClientUITests.swift in Sources */ = {isa = PBXBuildFile; fileRef = C750A6632BF108BF0068E124 /* MQTTClientUITests.swift */; };
		C750A6662BF108BF0068E124 /* MQTTClientUITestsLaunchTests.swift in Sources */ = {isa = PBXBuildFile; fileRef = C750A6652BF108BF0068E124 /* MQTTClientUITestsLaunchTests.swift */; };
		C750A6742BF10C410068E124 /* CocoaMQTT in Frameworks */ = {isa = PBXBuildFile; productRef = C750A6732BF10C410068E124 /* CocoaMQTT */; };
/* End PBXBuildFile section */

/* Begin PBXContainerItemProxy section */
		C750A6562BF108BF0068E124 /* PBXContainerItemProxy */ = {
			isa = PBXContainerItemProxy;
			containerPortal = C750A63C2BF108BE0068E124 /* Project object */;
			proxyType = 1;
			remoteGlobalIDString = C750A6432BF108BE0068E124;
			remoteInfo = MQTTClient;
		};
		C750A6602BF108BF0068E124 /* PBXContainerItemProxy */ = {
			isa = PBXContainerItemProxy;
			containerPortal = C750A63C2BF108BE0068E124 /* Project object */;
			proxyType = 1;
			remoteGlobalIDString = C750A6432BF108BE0068E124;
			remoteInfo = MQTTClient;
		};
/* End PBXContainerItemProxy section */

/* Begin PBXFileReference section */
		C716DED32BF26BC200C60427 /* AppDelegate.swift */ = {isa = PBXFileReference; lastKnownFileType = sourcecode.swift; path = AppDelegate.swift; sourceTree = "<group>"; };
		C750A6442BF108BE0068E124 /* MQTTClient.app */ = {isa = PBXFileReference; explicitFileType = wrapper.application; includeInIndex = 0; path = MQTTClient.app; sourceTree = BUILT_PRODUCTS_DIR; };
		C750A6472BF108BE0068E124 /* MQTTClientApp.swift */ = {isa = PBXFileReference; lastKnownFileType = sourcecode.swift; path = MQTTClientApp.swift; sourceTree = "<group>"; };
		C750A6492BF108BE0068E124 /* ContentView.swift */ = {isa = PBXFileReference; lastKnownFileType = sourcecode.swift; path = ContentView.swift; sourceTree = "<group>"; };
		C750A64B2BF108BF0068E124 /* Assets.xcassets */ = {isa = PBXFileReference; lastKnownFileType = folder.assetcatalog; path = Assets.xcassets; sourceTree = "<group>"; };
		C750A64E2BF108BF0068E124 /* Preview Assets.xcassets */ = {isa = PBXFileReference; lastKnownFileType = folder.assetcatalog; path = "Preview Assets.xcassets"; sourceTree = "<group>"; };
		C750A6502BF108BF0068E124 /* MQTTClient.entitlements */ = {isa = PBXFileReference; lastKnownFileType = text.plist.entitlements; path = MQTTClient.entitlements; sourceTree = "<group>"; };
		C750A6552BF108BF0068E124 /* MQTTClientTests.xctest */ = {isa = PBXFileReference; explicitFileType = wrapper.cfbundle; includeInIndex = 0; path = MQTTClientTests.xctest; sourceTree = BUILT_PRODUCTS_DIR; };
		C750A6592BF108BF0068E124 /* MQTTClientTests.swift */ = {isa = PBXFileReference; lastKnownFileType = sourcecode.swift; path = MQTTClientTests.swift; sourceTree = "<group>"; };
		C750A65F2BF108BF0068E124 /* MQTTClientUITests.xctest */ = {isa = PBXFileReference; explicitFileType = wrapper.cfbundle; includeInIndex = 0; path = MQTTClientUITests.xctest; sourceTree = BUILT_PRODUCTS_DIR; };
		C750A6632BF108BF0068E124 /* MQTTClientUITests.swift */ = {isa = PBXFileReference; lastKnownFileType = sourcecode.swift; path = MQTTClientUITests.swift; sourceTree = "<group>"; };
		C750A6652BF108BF0068E124 /* MQTTClientUITestsLaunchTests.swift */ = {isa = PBXFileReference; lastKnownFileType = sourcecode.swift; path = MQTTClientUITestsLaunchTests.swift; sourceTree = "<group>"; };
		C750A6752BF118A90068E124 /* Info.plist */ = {isa = PBXFileReference; lastKnownFileType = text.plist; path = Info.plist; sourceTree = "<group>"; };
/* End PBXFileReference section */

/* Begin PBXFrameworksBuildPhase section */
		C750A6412BF108BE0068E124 /* Frameworks */ = {
			isa = PBXFrameworksBuildPhase;
			buildActionMask = 2147483647;
			files = (
				C750A6742BF10C410068E124 /* CocoaMQTT in Frameworks */,
			);
			runOnlyForDeploymentPostprocessing = 0;
		};
		C750A6522BF108BF0068E124 /* Frameworks */ = {
			isa = PBXFrameworksBuildPhase;
			buildActionMask = 2147483647;
			files = (
			);
			runOnlyForDeploymentPostprocessing = 0;
		};
		C750A65C2BF108BF0068E124 /* Frameworks */ = {
			isa = PBXFrameworksBuildPhase;
			buildActionMask = 2147483647;
			files = (
			);
			runOnlyForDeploymentPostprocessing = 0;
		};
/* End PBXFrameworksBuildPhase section */

/* Begin PBXGroup section */
		C750A63B2BF108BE0068E124 = {
			isa = PBXGroup;
			children = (
				C750A6462BF108BE0068E124 /* MQTTClient */,
				C750A6582BF108BF0068E124 /* MQTTClientTests */,
				C750A6622BF108BF0068E124 /* MQTTClientUITests */,
				C750A6452BF108BE0068E124 /* Products */,
			);
			sourceTree = "<group>";
		};
		C750A6452BF108BE0068E124 /* Products */ = {
			isa = PBXGroup;
			children = (
				C750A6442BF108BE0068E124 /* MQTTClient.app */,
				C750A6552BF108BF0068E124 /* MQTTClientTests.xctest */,
				C750A65F2BF108BF0068E124 /* MQTTClientUITests.xctest */,
			);
			name = Products;
			sourceTree = "<group>";
		};
		C750A6462BF108BE0068E124 /* MQTTClient */ = {
			isa = PBXGroup;
			children = (
				C750A6752BF118A90068E124 /* Info.plist */,
				C750A6472BF108BE0068E124 /* MQTTClientApp.swift */,
				C750A6492BF108BE0068E124 /* ContentView.swift */,
				C750A64B2BF108BF0068E124 /* Assets.xcassets */,
				C750A6502BF108BF0068E124 /* MQTTClient.entitlements */,
				C750A64D2BF108BF0068E124 /* Preview Content */,
				C716DED32BF26BC200C60427 /* AppDelegate.swift */,
			);
			path = MQTTClient;
			sourceTree = "<group>";
		};
		C750A64D2BF108BF0068E124 /* Preview Content */ = {
			isa = PBXGroup;
			children = (
				C750A64E2BF108BF0068E124 /* Preview Assets.xcassets */,
			);
			path = "Preview Content";
			sourceTree = "<group>";
		};
		C750A6582BF108BF0068E124 /* MQTTClientTests */ = {
			isa = PBXGroup;
			children = (
				C750A6592BF108BF0068E124 /* MQTTClientTests.swift */,
			);
			path = MQTTClientTests;
			sourceTree = "<group>";
		};
		C750A6622BF108BF0068E124 /* MQTTClientUITests */ = {
			isa = PBXGroup;
			children = (
				C750A6632BF108BF0068E124 /* MQTTClientUITests.swift */,
				C750A6652BF108BF0068E124 /* MQTTClientUITestsLaunchTests.swift */,
			);
			path = MQTTClientUITests;
			sourceTree = "<group>";
		};
/* End PBXGroup section */

/* Begin PBXNativeTarget section */
		C750A6432BF108BE0068E124 /* MQTTClient */ = {
			isa = PBXNativeTarget;
			buildConfigurationList = C750A6692BF108BF0068E124 /* Build configuration list for PBXNativeTarget "MQTTClient" */;
			buildPhases = (
				C750A6402BF108BE0068E124 /* Sources */,
				C750A6412BF108BE0068E124 /* Frameworks */,
				C750A6422BF108BE0068E124 /* Resources */,
			);
			buildRules = (
			);
			dependencies = (
			);
			name = MQTTClient;
			packageProductDependencies = (
				C750A6732BF10C410068E124 /* CocoaMQTT */,
			);
			productName = MQTTClient;
			productReference = C750A6442BF108BE0068E124 /* MQTTClient.app */;
			productType = "com.apple.product-type.application";
		};
		C750A6542BF108BF0068E124 /* MQTTClientTests */ = {
			isa = PBXNativeTarget;
			buildConfigurationList = C750A66C2BF108BF0068E124 /* Build configuration list for PBXNativeTarget "MQTTClientTests" */;
			buildPhases = (
				C750A6512BF108BF0068E124 /* Sources */,
				C750A6522BF108BF0068E124 /* Frameworks */,
				C750A6532BF108BF0068E124 /* Resources */,
			);
			buildRules = (
			);
			dependencies = (
				C750A6572BF108BF0068E124 /* PBXTargetDependency */,
			);
			name = MQTTClientTests;
			productName = MQTTClientTests;
			productReference = C750A6552BF108BF0068E124 /* MQTTClientTests.xctest */;
			productType = "com.apple.product-type.bundle.unit-test";
		};
		C750A65E2BF108BF0068E124 /* MQTTClientUITests */ = {
			isa = PBXNativeTarget;
			buildConfigurationList = C750A66F2BF108BF0068E124 /* Build configuration list for PBXNativeTarget "MQTTClientUITests" */;
			buildPhases = (
				C750A65B2BF108BF0068E124 /* Sources */,
				C750A65C2BF108BF0068E124 /* Frameworks */,
				C750A65D2BF108BF0068E124 /* Resources */,
			);
			buildRules = (
			);
			dependencies = (
				C750A6612BF108BF0068E124 /* PBXTargetDependency */,
			);
			name = MQTTClientUITests;
			productName = MQTTClientUITests;
			productReference = C750A65F2BF108BF0068E124 /* MQTTClientUITests.xctest */;
			productType = "com.apple.product-type.bundle.ui-testing";
		};
/* End PBXNativeTarget section */

/* Begin PBXProject section */
		C750A63C2BF108BE0068E124 /* Project object */ = {
			isa = PBXProject;
			attributes = {
				BuildIndependentTargetsInParallel = 1;
				LastSwiftUpdateCheck = 1530;
				LastUpgradeCheck = 1530;
				TargetAttributes = {
					C750A6432BF108BE0068E124 = {
						CreatedOnToolsVersion = 15.3;
					};
					C750A6542BF108BF0068E124 = {
						CreatedOnToolsVersion = 15.3;
						TestTargetID = C750A6432BF108BE0068E124;
					};
					C750A65E2BF108BF0068E124 = {
						CreatedOnToolsVersion = 15.3;
						TestTargetID = C750A6432BF108BE0068E124;
					};
				};
			};
			buildConfigurationList = C750A63F2BF108BE0068E124 /* Build configuration list for PBXProject "MQTTClient" */;
			compatibilityVersion = "Xcode 14.0";
			developmentRegion = en;
			hasScannedForEncodings = 0;
			knownRegions = (
				en,
				Base,
			);
			mainGroup = C750A63B2BF108BE0068E124;
			packageReferences = (
				C750A6722BF10C410068E124 /* XCRemoteSwiftPackageReference "CocoaMQTT" */,
			);
			productRefGroup = C750A6452BF108BE0068E124 /* Products */;
			projectDirPath = "";
			projectRoot = "";
			targets = (
				C750A6432BF108BE0068E124 /* MQTTClient */,
				C750A6542BF108BF0068E124 /* MQTTClientTests */,
				C750A65E2BF108BF0068E124 /* MQTTClientUITests */,
			);
		};
/* End PBXProject section */

/* Begin PBXResourcesBuildPhase section */
		C750A6422BF108BE0068E124 /* Resources */ = {
			isa = PBXResourcesBuildPhase;
			buildActionMask = 2147483647;
			files = (
				C750A64F2BF108BF0068E124 /* Preview Assets.xcassets in Resources */,
				C750A64C2BF108BF0068E124 /* Assets.xcassets in Resources */,
			);
			runOnlyForDeploymentPostprocessing = 0;
		};
		C750A6532BF108BF0068E124 /* Resources */ = {
			isa = PBXResourcesBuildPhase;
			buildActionMask = 2147483647;
			files = (
			);
			runOnlyForDeploymentPostprocessing = 0;
		};
		C750A65D2BF108BF0068E124 /* Resources */ = {
			isa = PBXResourcesBuildPhase;
			buildActionMask = 2147483647;
			files = (
			);
			runOnlyForDeploymentPostprocessing = 0;
		};
/* End PBXResourcesBuildPhase section */

/* Begin PBXSourcesBuildPhase section */
		C750A6402BF108BE0068E124 /* Sources */ = {
			isa = PBXSourcesBuildPhase;
			buildActionMask = 2147483647;
			files = (
				C716DED42BF26BC200C60427 /* AppDelegate.swift in Sources */,
				C750A64A2BF108BE0068E124 /* ContentView.swift in Sources */,
				C750A6482BF108BE0068E124 /* MQTTClientApp.swift in Sources */,
			);
			runOnlyForDeploymentPostprocessing = 0;
		};
		C750A6512BF108BF0068E124 /* Sources */ = {
			isa = PBXSourcesBuildPhase;
			buildActionMask = 2147483647;
			files = (
				C750A65A2BF108BF0068E124 /* MQTTClientTests.swift in Sources */,
			);
			runOnlyForDeploymentPostprocessing = 0;
		};
		C750A65B2BF108BF0068E124 /* Sources */ = {
			isa = PBXSourcesBuildPhase;
			buildActionMask = 2147483647;
			files = (
				C750A6642BF108BF0068E124 /* MQTTClientUITests.swift in Sources */,
				C750A6662BF108BF0068E124 /* MQTTClientUITestsLaunchTests.swift in Sources */,
			);
			runOnlyForDeploymentPostprocessing = 0;
		};
/* End PBXSourcesBuildPhase section */

/* Begin PBXTargetDependency section */
		C750A6572BF108BF0068E124 /* PBXTargetDependency */ = {
			isa = PBXTargetDependency;
			target = C750A6432BF108BE0068E124 /* MQTTClient */;
			targetProxy = C750A6562BF108BF0068E124 /* PBXContainerItemProxy */;
		};
		C750A6612BF108BF0068E124 /* PBXTargetDependency */ = {
			isa = PBXTargetDependency;
			target = C750A6432BF108BE0068E124 /* MQTTClient */;
			targetProxy = C750A6602BF108BF0068E124 /* PBXContainerItemProxy */;
		};
/* End PBXTargetDependency section */

/* Begin XCBuildConfiguration section */
		C750A6672BF108BF0068E124 /* Debug */ = {
			isa = XCBuildConfiguration;
			buildSettings = {
				ALWAYS_SEARCH_USER_PATHS = NO;
				ASSETCATALOG_COMPILER_GENERATE_SWIFT_ASSET_SYMBOL_EXTENSIONS = YES;
				CLANG_ANALYZER_NONNULL = YES;
				CLANG_ANALYZER_NUMBER_OBJECT_CONVERSION = YES_AGGRESSIVE;
				CLANG_CXX_LANGUAGE_STANDARD = "gnu++20";
				CLANG_ENABLE_MODULES = YES;
				CLANG_ENABLE_OBJC_ARC = YES;
				CLANG_ENABLE_OBJC_WEAK = YES;
				CLANG_WARN_BLOCK_CAPTURE_AUTORELEASING = YES;
				CLANG_WARN_BOOL_CONVERSION = YES;
				CLANG_WARN_COMMA = YES;
				CLANG_WARN_CONSTANT_CONVERSION = YES;
				CLANG_WARN_DEPRECATED_OBJC_IMPLEMENTATIONS = YES;
				CLANG_WARN_DIRECT_OBJC_ISA_USAGE = YES_ERROR;
				CLANG_WARN_DOCUMENTATION_COMMENTS = YES;
				CLANG_WARN_EMPTY_BODY = YES;
				CLANG_WARN_ENUM_CONVERSION = YES;
				CLANG_WARN_INFINITE_RECURSION = YES;
				CLANG_WARN_INT_CONVERSION = YES;
				CLANG_WARN_NON_LITERAL_NULL_CONVERSION = YES;
				CLANG_WARN_OBJC_IMPLICIT_RETAIN_SELF = YES;
				CLANG_WARN_OBJC_LITERAL_CONVERSION = YES;
				CLANG_WARN_OBJC_ROOT_CLASS = YES_ERROR;
				CLANG_WARN_QUOTED_INCLUDE_IN_FRAMEWORK_HEADER = YES;
				CLANG_WARN_RANGE_LOOP_ANALYSIS = YES;
				CLANG_WARN_STRICT_PROTOTYPES = YES;
				CLANG_WARN_SUSPICIOUS_MOVE = YES;
				CLANG_WARN_UNGUARDED_AVAILABILITY = YES_AGGRESSIVE;
				CLANG_WARN_UNREACHABLE_CODE = YES;
				CLANG_WARN__DUPLICATE_METHOD_MATCH = YES;
				COPY_PHASE_STRIP = NO;
				DEBUG_INFORMATION_FORMAT = dwarf;
				ENABLE_STRICT_OBJC_MSGSEND = YES;
				ENABLE_TESTABILITY = YES;
				ENABLE_USER_SCRIPT_SANDBOXING = YES;
				GCC_C_LANGUAGE_STANDARD = gnu17;
				GCC_DYNAMIC_NO_PIC = NO;
				GCC_NO_COMMON_BLOCKS = YES;
				GCC_OPTIMIZATION_LEVEL = 0;
				GCC_PREPROCESSOR_DEFINITIONS = (
					"DEBUG=1",
					"$(inherited)",
				);
				GCC_WARN_64_TO_32_BIT_CONVERSION = YES;
				GCC_WARN_ABOUT_RETURN_TYPE = YES_ERROR;
				GCC_WARN_UNDECLARED_SELECTOR = YES;
				GCC_WARN_UNINITIALIZED_AUTOS = YES_AGGRESSIVE;
				GCC_WARN_UNUSED_FUNCTION = YES;
				GCC_WARN_UNUSED_VARIABLE = YES;
				LOCALIZATION_PREFERS_STRING_CATALOGS = YES;
				MACOSX_DEPLOYMENT_TARGET = 14.4;
				MTL_ENABLE_DEBUG_INFO = INCLUDE_SOURCE;
				MTL_FAST_MATH = YES;
				ONLY_ACTIVE_ARCH = YES;
				SDKROOT = macosx;
				SWIFT_ACTIVE_COMPILATION_CONDITIONS = "DEBUG $(inherited)";
				SWIFT_OPTIMIZATION_LEVEL = "-Onone";
			};
			name = Debug;
		};
		C750A6682BF108BF0068E124 /* Release */ = {
			isa = XCBuildConfiguration;
			buildSettings = {
				ALWAYS_SEARCH_USER_PATHS = NO;
				ASSETCATALOG_COMPILER_GENERATE_SWIFT_ASSET_SYMBOL_EXTENSIONS = YES;
				CLANG_ANALYZER_NONNULL = YES;
				CLANG_ANALYZER_NUMBER_OBJECT_CONVERSION = YES_AGGRESSIVE;
				CLANG_CXX_LANGUAGE_STANDARD = "gnu++20";
				CLANG_ENABLE_MODULES = YES;
				CLANG_ENABLE_OBJC_ARC = YES;
				CLANG_ENABLE_OBJC_WEAK = YES;
				CLANG_WARN_BLOCK_CAPTURE_AUTORELEASING = YES;
				CLANG_WARN_BOOL_CONVERSION = YES;
				CLANG_WARN_COMMA = YES;
				CLANG_WARN_CONSTANT_CONVERSION = YES;
				CLANG_WARN_DEPRECATED_OBJC_IMPLEMENTATIONS = YES;
				CLANG_WARN_DIRECT_OBJC_ISA_USAGE = YES_ERROR;
				CLANG_WARN_DOCUMENTATION_COMMENTS = YES;
				CLANG_WARN_EMPTY_BODY = YES;
				CLANG_WARN_ENUM_CONVERSION = YES;
				CLANG_WARN_INFINITE_RECURSION = YES;
				CLANG_WARN_INT_CONVERSION = YES;
				CLANG_WARN_NON_LITERAL_NULL_CONVERSION = YES;
				CLANG_WARN_OBJC_IMPLICIT_RETAIN_SELF = YES;
				CLANG_WARN_OBJC_LITERAL_CONVERSION = YES;
				CLANG_WARN_OBJC_ROOT_CLASS = YES_ERROR;
				CLANG_WARN_QUOTED_INCLUDE_IN_FRAMEWORK_HEADER = YES;
				CLANG_WARN_RANGE_LOOP_ANALYSIS = YES;
				CLANG_WARN_STRICT_PROTOTYPES = YES;
				CLANG_WARN_SUSPICIOUS_MOVE = YES;
				CLANG_WARN_UNGUARDED_AVAILABILITY = YES_AGGRESSIVE;
				CLANG_WARN_UNREACHABLE_CODE = YES;
				CLANG_WARN__DUPLICATE_METHOD_MATCH = YES;
				COPY_PHASE_STRIP = NO;
				DEBUG_INFORMATION_FORMAT = "dwarf-with-dsym";
				ENABLE_NS_ASSERTIONS = NO;
				ENABLE_STRICT_OBJC_MSGSEND = YES;
				ENABLE_USER_SCRIPT_SANDBOXING = YES;
				GCC_C_LANGUAGE_STANDARD = gnu17;
				GCC_NO_COMMON_BLOCKS = YES;
				GCC_WARN_64_TO_32_BIT_CONVERSION = YES;
				GCC_WARN_ABOUT_RETURN_TYPE = YES_ERROR;
				GCC_WARN_UNDECLARED_SELECTOR = YES;
				GCC_WARN_UNINITIALIZED_AUTOS = YES_AGGRESSIVE;
				GCC_WARN_UNUSED_FUNCTION = YES;
				GCC_WARN_UNUSED_VARIABLE = YES;
				LOCALIZATION_PREFERS_STRING_CATALOGS = YES;
				MACOSX_DEPLOYMENT_TARGET = 14.4;
				MTL_ENABLE_DEBUG_INFO = NO;
				MTL_FAST_MATH = YES;
				SDKROOT = macosx;
				SWIFT_COMPILATION_MODE = wholemodule;
			};
			name = Release;
		};
		C750A66A2BF108BF0068E124 /* Debug */ = {
			isa = XCBuildConfiguration;
			buildSettings = {
				ASSETCATALOG_COMPILER_APPICON_NAME = AppIcon;
				ASSETCATALOG_COMPILER_GLOBAL_ACCENT_COLOR_NAME = AccentColor;
				ASSETCATALOG_COMPILER_INCLUDE_ALL_APPICON_ASSETS = YES;
				CODE_SIGN_ENTITLEMENTS = MQTTClient/MQTTClient.entitlements;
				CODE_SIGN_STYLE = Automatic;
				COMBINE_HIDPI_IMAGES = YES;
				CURRENT_PROJECT_VERSION = 1;
				DEVELOPMENT_ASSET_PATHS = "\"MQTTClient/Preview Content\"";
				DEVELOPMENT_TEAM = ZW32WTQFEW;
				ENABLE_HARDENED_RUNTIME = YES;
				ENABLE_PREVIEWS = YES;
				GENERATE_INFOPLIST_FILE = YES;
				INFOPLIST_FILE = MQTTClient/Info.plist;
				INFOPLIST_KEY_NSHumanReadableCopyright = "";
				LD_RUNPATH_SEARCH_PATHS = (
					"$(inherited)",
					"@executable_path/../Frameworks",
				);
				MARKETING_VERSION = 1.0;
				PRODUCT_BUNDLE_IDENTIFIER = com.unique.strategy.MQTTClient;
				PRODUCT_NAME = "$(TARGET_NAME)";
				SWIFT_EMIT_LOC_STRINGS = YES;
				SWIFT_VERSION = 5.0;
			};
			name = Debug;
		};
		C750A66B2BF108BF0068E124 /* Release */ = {
			isa = XCBuildConfiguration;
			buildSettings = {
				ASSETCATALOG_COMPILER_APPICON_NAME = AppIcon;
				ASSETCATALOG_COMPILER_GLOBAL_ACCENT_COLOR_NAME = AccentColor;
				ASSETCATALOG_COMPILER_INCLUDE_ALL_APPICON_ASSETS = YES;
				CODE_SIGN_ENTITLEMENTS = MQTTClient/MQTTClient.entitlements;
				CODE_SIGN_STYLE = Automatic;
				COMBINE_HIDPI_IMAGES = YES;
				CURRENT_PROJECT_VERSION = 1;
				DEVELOPMENT_ASSET_PATHS = "\"MQTTClient/Preview Content\"";
				DEVELOPMENT_TEAM = ZW32WTQFEW;
				ENABLE_HARDENED_RUNTIME = YES;
				ENABLE_PREVIEWS = YES;
				GENERATE_INFOPLIST_FILE = YES;
				INFOPLIST_FILE = MQTTClient/Info.plist;
				INFOPLIST_KEY_NSHumanReadableCopyright = "";
				LD_RUNPATH_SEARCH_PATHS = (
					"$(inherited)",
					"@executable_path/../Frameworks",
				);
				MARKETING_VERSION = 1.0;
				PRODUCT_BUNDLE_IDENTIFIER = com.unique.strategy.MQTTClient;
				PRODUCT_NAME = "$(TARGET_NAME)";
				SWIFT_EMIT_LOC_STRINGS = YES;
				SWIFT_VERSION = 5.0;
			};
			name = Release;
		};
		C750A66D2BF108BF0068E124 /* Debug */ = {
			isa = XCBuildConfiguration;
			buildSettings = {
				ALWAYS_EMBED_SWIFT_STANDARD_LIBRARIES = YES;
				BUNDLE_LOADER = "$(TEST_HOST)";
				CODE_SIGN_STYLE = Automatic;
				CURRENT_PROJECT_VERSION = 1;
				DEVELOPMENT_TEAM = ZW32WTQFEW;
				GENERATE_INFOPLIST_FILE = YES;
				MACOSX_DEPLOYMENT_TARGET = 14.4;
				MARKETING_VERSION = 1.0;
				PRODUCT_BUNDLE_IDENTIFIER = com.unique.strategy.MQTTClientTests;
				PRODUCT_NAME = "$(TARGET_NAME)";
				SWIFT_EMIT_LOC_STRINGS = NO;
				SWIFT_VERSION = 5.0;
				TEST_HOST = "$(BUILT_PRODUCTS_DIR)/MQTTClient.app/$(BUNDLE_EXECUTABLE_FOLDER_PATH)/MQTTClient";
			};
			name = Debug;
		};
		C750A66E2BF108BF0068E124 /* Release */ = {
			isa = XCBuildConfiguration;
			buildSettings = {
				ALWAYS_EMBED_SWIFT_STANDARD_LIBRARIES = YES;
				BUNDLE_LOADER = "$(TEST_HOST)";
				CODE_SIGN_STYLE = Automatic;
				CURRENT_PROJECT_VERSION = 1;
				DEVELOPMENT_TEAM = ZW32WTQFEW;
				GENERATE_INFOPLIST_FILE = YES;
				MACOSX_DEPLOYMENT_TARGET = 14.4;
				MARKETING_VERSION = 1.0;
				PRODUCT_BUNDLE_IDENTIFIER = com.unique.strategy.MQTTClientTests;
				PRODUCT_NAME = "$(TARGET_NAME)";
				SWIFT_EMIT_LOC_STRINGS = NO;
				SWIFT_VERSION = 5.0;
				TEST_HOST = "$(BUILT_PRODUCTS_DIR)/MQTTClient.app/$(BUNDLE_EXECUTABLE_FOLDER_PATH)/MQTTClient";
			};
			name = Release;
		};
		C750A6702BF108BF0068E124 /* Debug */ = {
			isa = XCBuildConfiguration;
			buildSettings = {
				ALWAYS_EMBED_SWIFT_STANDARD_LIBRARIES = YES;
				CODE_SIGN_STYLE = Automatic;
				CURRENT_PROJECT_VERSION = 1;
				DEVELOPMENT_TEAM = ZW32WTQFEW;
				GENERATE_INFOPLIST_FILE = YES;
				MARKETING_VERSION = 1.0;
				PRODUCT_BUNDLE_IDENTIFIER = com.unique.strategy.MQTTClientUITests;
				PRODUCT_NAME = "$(TARGET_NAME)";
				SWIFT_EMIT_LOC_STRINGS = NO;
				SWIFT_VERSION = 5.0;
				TEST_TARGET_NAME = MQTTClient;
			};
			name = Debug;
		};
		C750A6712BF108BF0068E124 /* Release */ = {
			isa = XCBuildConfiguration;
			buildSettings = {
				ALWAYS_EMBED_SWIFT_STANDARD_LIBRARIES = YES;
				CODE_SIGN_STYLE = Automatic;
				CURRENT_PROJECT_VERSION = 1;
				DEVELOPMENT_TEAM = ZW32WTQFEW;
				GENERATE_INFOPLIST_FILE = YES;
				MARKETING_VERSION = 1.0;
				PRODUCT_BUNDLE_IDENTIFIER = com.unique.strategy.MQTTClientUITests;
				PRODUCT_NAME = "$(TARGET_NAME)";
				SWIFT_EMIT_LOC_STRINGS = NO;
				SWIFT_VERSION = 5.0;
				TEST_TARGET_NAME = MQTTClient;
			};
			name = Release;
		};
/* End XCBuildConfiguration section */

/* Begin XCConfigurationList section */
		C750A63F2BF108BE0068E124 /* Build configuration list for PBXProject "MQTTClient" */ = {
			isa = XCConfigurationList;
			buildConfigurations = (
				C750A6672BF108BF0068E124 /* Debug */,
				C750A6682BF108BF0068E124 /* Release */,
			);
			defaultConfigurationIsVisible = 0;
			defaultConfigurationName = Release;
		};
		C750A6692BF108BF0068E124 /* Build configuration list for PBXNativeTarget "MQTTClient" */ = {
			isa = XCConfigurationList;
			buildConfigurations = (
				C750A66A2BF108BF0068E124 /* Debug */,
				C750A66B2BF108BF0068E124 /* Release */,
			);
			defaultConfigurationIsVisible = 0;
			defaultConfigurationName = Release;
		};
		C750A66C2BF108BF0068E124 /* Build configuration list for PBXNativeTarget "MQTTClientTests" */ = {
			isa = XCConfigurationList;
			buildConfigurations = (
				C750A66D2BF108BF0068E124 /* Debug */,
				C750A66E2BF108BF0068E124 /* Release */,
			);
			defaultConfigurationIsVisible = 0;
			defaultConfigurationName = Release;
		};
		C750A66F2BF108BF0068E124 /* Build configuration list for PBXNativeTarget "MQTTClientUITests" */ = {
			isa = XCConfigurationList;
			buildConfigurations = (
				C750A6702BF108BF0068E124 /* Debug */,
				C750A6712BF108BF0068E124 /* Release */,
			);
			defaultConfigurationIsVisible = 0;
			defaultConfigurationName = Release;
		};
/* End XCConfigurationList section */

/* Begin XCRemoteSwiftPackageReference section */
		C750A6722BF10C410068E124 /* XCRemoteSwiftPackageReference "CocoaMQTT" */ = {
			isa = XCRemoteSwiftPackageReference;
			repositoryURL = "https://github.com/emqx/CocoaMQTT.git";
			requirement = {
				kind = upToNextMajorVersion;
				minimumVersion = 2.1.8;
			};
		};
/* End XCRemoteSwiftPackageReference section */

/* Begin XCSwiftPackageProductDependency section */
		C750A6732BF10C410068E124 /* CocoaMQTT */ = {
			isa = XCSwiftPackageProductDependency;
			package = C750A6722BF10C410068E124 /* XCRemoteSwiftPackageReference "CocoaMQTT" */;
			productName = CocoaMQTT;
		};
/* End XCSwiftPackageProductDependency section */
	};
	rootObject = C750A63C2BF108BE0068E124 /* Project object */;
}
